
Microsoft Visual Studio Solution File, Format Version 12.00
# Visual Studio Version 17
VisualStudioVersion = 17.0.31903.59
MinimumVisualStudioVersion = 10.0.40219.1
Project("{FAE04EC0-301F-11D3-BF4B-00C04F79EFBC}") = "Babymonitor.Shared", "Babymonitor.Shared\Babymonitor.Shared.csproj", "{C3C949B4-B3E7-47A0-9B61-79E317B8AC05}"
EndProject
Project("{FAE04EC0-301F-11D3-BF4B-00C04F79EFBC}") = "Babymonitor.Entities", "Babymonitor.Entities\Babymonitor.Entities.csproj", "{2CAD76A6-879B-4262-8F86-D49FDD32638B}"
EndProject
Project("{FAE04EC0-301F-11D3-BF4B-00C04F79EFBC}") = "Babymonitor.Dal", "Babymonitor.Dal\Babymonitor.Dal.csproj", "{05EBCDDE-83F0-4FCF-942C-7D0BA97B4AF1}"
EndProject
Project("{FAE04EC0-301F-11D3-BF4B-00C04F79EFBC}") = "Babymonitor.Dtos", "Babymonitor.Dtos\Babymonitor.Dtos.csproj", "{2451F232-ACDF-43E1-9A49-C19B26F2D8D2}"
EndProject
Project("{FAE04EC0-301F-11D3-BF4B-00C04F79EFBC}") = "Babymonitor.BusinessLogic", "Babymonitor.BusinessLogic\Babymonitor.BusinessLogic.csproj", "{4695A81F-C130-4C0D-B59E-7F261FAB8D93}"
EndProject
Project("{FAE04EC0-301F-11D3-BF4B-00C04F79EFBC}") = "Babymonitor.Api", "Babymonitor.Api\Babymonitor.Api.csproj", "{566327DB-AB0D-4124-84EE-7B3AE8C89D51}"
EndProject
Project("{FAE04EC0-301F-11D3-BF4B-00C04F79EFBC}") = "Babymonitor.Tests", "Babymonitor.Tests\Babymonitor.Tests.csproj", "{4CA654BC-13B2-48A1-91FE-33F786FD158D}"
EndProject
Global
	GlobalSection(SolutionConfigurationPlatforms) = preSolution
		Debug|Any CPU = Debug|Any CPU
		Debug|x64 = Debug|x64
		Debug|x86 = Debug|x86
		Release|Any CPU = Release|Any CPU
		Release|x64 = Release|x64
		Release|x86 = Release|x86
	EndGlobalSection
	GlobalSection(ProjectConfigurationPlatforms) = postSolution
		{C3C949B4-B3E7-47A0-9B61-79E317B8AC05}.Debug|Any CPU.ActiveCfg = Debug|Any CPU
		{C3C949B4-B3E7-47A0-9B61-79E317B8AC05}.Debug|Any CPU.Build.0 = Debug|Any CPU
		{C3C949B4-B3E7-47A0-9B61-79E317B8AC05}.Debug|x64.ActiveCfg = Debug|Any CPU
		{C3C949B4-B3E7-47A0-9B61-79E317B8AC05}.Debug|x64.Build.0 = Debug|Any CPU
		{C3C949B4-B3E7-47A0-9B61-79E317B8AC05}.Debug|x86.ActiveCfg = Debug|Any CPU
		{C3C949B4-B3E7-47A0-9B61-79E317B8AC05}.Debug|x86.Build.0 = Debug|Any CPU
		{C3C949B4-B3E7-47A0-9B61-79E317B8AC05}.Release|Any CPU.ActiveCfg = Release|Any CPU
		{C3C949B4-B3E7-47A0-9B61-79E317B8AC05}.Release|Any CPU.Build.0 = Release|Any CPU
		{C3C949B4-B3E7-47A0-9B61-79E317B8AC05}.Release|x64.ActiveCfg = Release|Any CPU
		{C3C949B4-B3E7-47A0-9B61-79E317B8AC05}.Release|x64.Build.0 = Release|Any CPU
		{C3C949B4-B3E7-47A0-9B61-79E317B8AC05}.Release|x86.ActiveCfg = Release|Any CPU
		{C3C949B4-B3E7-47A0-9B61-79E317B8AC05}.Release|x86.Build.0 = Release|Any CPU
		{2CAD76A6-879B-4262-8F86-D49FDD32638B}.Debug|Any CPU.ActiveCfg = Debug|Any CPU
		{2CAD76A6-879B-4262-8F86-D49FDD32638B}.Debug|Any CPU.Build.0 = Debug|Any CPU
		{2CAD76A6-879B-4262-8F86-D49FDD32638B}.Debug|x64.ActiveCfg = Debug|Any CPU
		{2CAD76A6-879B-4262-8F86-D49FDD32638B}.Debug|x64.Build.0 = Debug|Any CPU
		{2CAD76A6-879B-4262-8F86-D49FDD32638B}.Debug|x86.ActiveCfg = Debug|Any CPU
		{2CAD76A6-879B-4262-8F86-D49FDD32638B}.Debug|x86.Build.0 = Debug|Any CPU
		{2CAD76A6-879B-4262-8F86-D49FDD32638B}.Release|Any CPU.ActiveCfg = Release|Any CPU
		{2CAD76A6-879B-4262-8F86-D49FDD32638B}.Release|Any CPU.Build.0 = Release|Any CPU
		{2CAD76A6-879B-4262-8F86-D49FDD32638B}.Release|x64.ActiveCfg = Release|Any CPU
		{2CAD76A6-879B-4262-8F86-D49FDD32638B}.Release|x64.Build.0 = Release|Any CPU
		{2CAD76A6-879B-4262-8F86-D49FDD32638B}.Release|x86.ActiveCfg = Release|Any CPU
		{2CAD76A6-879B-4262-8F86-D49FDD32638B}.Release|x86.Build.0 = Release|Any CPU
		{05EBCDDE-83F0-4FCF-942C-7D0BA97B4AF1}.Debug|Any CPU.ActiveCfg = Debug|Any CPU
		{05EBCDDE-83F0-4FCF-942C-7D0BA97B4AF1}.Debug|Any CPU.Build.0 = Debug|Any CPU
		{05EBCDDE-83F0-4FCF-942C-7D0BA97B4AF1}.Debug|x64.ActiveCfg = Debug|Any CPU
		{05EBCDDE-83F0-4FCF-942C-7D0BA97B4AF1}.Debug|x64.Build.0 = Debug|Any CPU
		{05EBCDDE-83F0-4FCF-942C-7D0BA97B4AF1}.Debug|x86.ActiveCfg = Debug|Any CPU
		{05EBCDDE-83F0-4FCF-942C-7D0BA97B4AF1}.Debug|x86.Build.0 = Debug|Any CPU
		{05EBCDDE-83F0-4FCF-942C-7D0BA97B4AF1}.Release|Any CPU.ActiveCfg = Release|Any CPU
		{05EBCDDE-83F0-4FCF-942C-7D0BA97B4AF1}.Release|Any CPU.Build.0 = Release|Any CPU
		{05EBCDDE-83F0-4FCF-942C-7D0BA97B4AF1}.Release|x64.ActiveCfg = Release|Any CPU
		{05EBCDDE-83F0-4FCF-942C-7D0BA97B4AF1}.Release|x64.Build.0 = Release|Any CPU
		{05EBCDDE-83F0-4FCF-942C-7D0BA97B4AF1}.Release|x86.ActiveCfg = Release|Any CPU
		{05EBCDDE-83F0-4FCF-942C-7D0BA97B4AF1}.Release|x86.Build.0 = Release|Any CPU
		{2451F232-ACDF-43E1-9A49-C19B26F2D8D2}.Debug|Any CPU.ActiveCfg = Debug|Any CPU
		{2451F232-ACDF-43E1-9A49-C19B26F2D8D2}.Debug|Any CPU.Build.0 = Debug|Any CPU
		{2451F232-ACDF-43E1-9A49-C19B26F2D8D2}.Debug|x64.ActiveCfg = Debug|Any CPU
		{2451F232-ACDF-43E1-9A49-C19B26F2D8D2}.Debug|x64.Build.0 = Debug|Any CPU
		{2451F232-ACDF-43E1-9A49-C19B26F2D8D2}.Debug|x86.ActiveCfg = Debug|Any CPU
		{2451F232-ACDF-43E1-9A49-C19B26F2D8D2}.Debug|x86.Build.0 = Debug|Any CPU
		{2451F232-ACDF-43E1-9A49-C19B26F2D8D2}.Release|Any CPU.ActiveCfg = Release|Any CPU
		{2451F232-ACDF-43E1-9A49-C19B26F2D8D2}.Release|Any CPU.Build.0 = Release|Any CPU
		{2451F232-ACDF-43E1-9A49-C19B26F2D8D2}.Release|x64.ActiveCfg = Release|Any CPU
		{2451F232-ACDF-43E1-9A49-C19B26F2D8D2}.Release|x64.Build.0 = Release|Any CPU
		{2451F232-ACDF-43E1-9A49-C19B26F2D8D2}.Release|x86.ActiveCfg = Release|Any CPU
		{2451F232-ACDF-43E1-9A49-C19B26F2D8D2}.Release|x86.Build.0 = Release|Any CPU
		{4695A81F-C130-4C0D-B59E-7F261FAB8D93}.Debug|Any CPU.ActiveCfg = Debug|Any CPU
		{4695A81F-C130-4C0D-B59E-7F261FAB8D93}.Debug|Any CPU.Build.0 = Debug|Any CPU
		{4695A81F-C130-4C0D-B59E-7F261FAB8D93}.Debug|x64.ActiveCfg = Debug|Any CPU
		{4695A81F-C130-4C0D-B59E-7F261FAB8D93}.Debug|x64.Build.0 = Debug|Any CPU
		{4695A81F-C130-4C0D-B59E-7F261FAB8D93}.Debug|x86.ActiveCfg = Debug|Any CPU
		{4695A81F-C130-4C0D-B59E-7F261FAB8D93}.Debug|x86.Build.0 = Debug|Any CPU
		{4695A81F-C130-4C0D-B59E-7F261FAB8D93}.Release|Any CPU.ActiveCfg = Release|Any CPU
		{4695A81F-C130-4C0D-B59E-7F261FAB8D93}.Release|Any CPU.Build.0 = Release|Any CPU
		{4695A81F-C130-4C0D-B59E-7F261FAB8D93}.Release|x64.ActiveCfg = Release|Any CPU
		{4695A81F-C130-4C0D-B59E-7F261FAB8D93}.Release|x64.Build.0 = Release|Any CPU
		{4695A81F-C130-4C0D-B59E-7F261FAB8D93}.Release|x86.ActiveCfg = Release|Any CPU
		{4695A81F-C130-4C0D-B59E-7F261FAB8D93}.Release|x86.Build.0 = Release|Any CPU
		{566327DB-AB0D-4124-84EE-7B3AE8C89D51}.Debug|Any CPU.ActiveCfg = Debug|Any CPU
		{566327DB-AB0D-4124-84EE-7B3AE8C89D51}.Debug|Any CPU.Build.0 = Debug|Any CPU
		{566327DB-AB0D-4124-84EE-7B3AE8C89D51}.Debug|x64.ActiveCfg = Debug|Any CPU
		{566327DB-AB0D-4124-84EE-7B3AE8C89D51}.Debug|x64.Build.0 = Debug|Any CPU
		{566327DB-AB0D-4124-84EE-7B3AE8C89D51}.Debug|x86.ActiveCfg = Debug|Any CPU
		{566327DB-AB0D-4124-84EE-7B3AE8C89D51}.Debug|x86.Build.0 = Debug|Any CPU
		{566327DB-AB0D-4124-84EE-7B3AE8C89D51}.Release|Any CPU.ActiveCfg = Release|Any CPU
		{566327DB-AB0D-4124-84EE-7B3AE8C89D51}.Release|Any CPU.Build.0 = Release|Any CPU
		{566327DB-AB0D-4124-84EE-7B3AE8C89D51}.Release|x64.ActiveCfg = Release|Any CPU
		{566327DB-AB0D-4124-84EE-7B3AE8C89D51}.Release|x64.Build.0 = Release|Any CPU
		{566327DB-AB0D-4124-84EE-7B3AE8C89D51}.Release|x86.ActiveCfg = Release|Any CPU
		{566327DB-AB0D-4124-84EE-7B3AE8C89D51}.Release|x86.Build.0 = Release|Any CPU
		{4CA654BC-13B2-48A1-91FE-33F786FD158D}.Debug|Any CPU.ActiveCfg = Debug|Any CPU
		{4CA654BC-13B2-48A1-91FE-33F786FD158D}.Debug|Any CPU.Build.0 = Debug|Any CPU
		{4CA654BC-13B2-48A1-91FE-33F786FD158D}.Debug|x64.ActiveCfg = Debug|Any CPU
		{4CA654BC-13B2-48A1-91FE-33F786FD158D}.Debug|x64.Build.0 = Debug|Any CPU
		{4CA654BC-13B2-48A1-91FE-33F786FD158D}.Debug|x86.ActiveCfg = Debug|Any CPU
		{4CA654BC-13B2-48A1-91FE-33F786FD158D}.Debug|x86.Build.0 = Debug|Any CPU
		{4CA654BC-13B2-48A1-91FE-33F786FD158D}.Release|Any CPU.ActiveCfg = Release|Any CPU
		{4CA654BC-13B2-48A1-91FE-33F786FD158D}.Release|Any CPU.Build.0 = Release|Any CPU
		{4CA654BC-13B2-48A1-91FE-33F786FD158D}.Release|x64.ActiveCfg = Release|Any CPU
		{4CA654BC-13B2-48A1-91FE-33F786FD158D}.Release|x64.Build.0 = Release|Any CPU
		{4CA654BC-13B2-48A1-91FE-33F786FD158D}.Release|x86.ActiveCfg = Release|Any CPU
		{4CA654BC-13B2-48A1-91FE-33F786FD158D}.Release|x86.Build.0 = Release|Any CPU
	EndGlobalSection
	GlobalSection(SolutionProperties) = preSolution
		HideSolutionNode = FALSE
	EndGlobalSection
EndGlobal
